
Microsoft Visual Studio Solution File, Format Version 12.00
# Visual Studio Version 16
VisualStudioVersion = 16.0.30225.117
MinimumVisualStudioVersion = 10.0.40219.1
Project("{FAE04EC0-301F-11D3-BF4B-00C04F79EFBC}") = "LimpaTempFroms", "LimpaTempFroms\LimpaTempFroms.csproj", "{56EC3D28-337F-4E7F-A7F1-2843F118691E}"
EndProject
Global
	GlobalSection(SolutionConfigurationPlatforms) = preSolution
		Debug|Any CPU = Debug|Any CPU
		Release|Any CPU = Release|Any CPU
	EndGlobalSection
	GlobalSection(ProjectConfigurationPlatforms) = postSolution
		{56EC3D28-337F-4E7F-A7F1-2843F118691E}.Debug|Any CPU.ActiveCfg = Debug|Any CPU
		{56EC3D28-337F-4E7F-A7F1-2843F118691E}.Debug|Any CPU.Build.0 = Debug|Any CPU
		{56EC3D28-337F-4E7F-A7F1-2843F118691E}.Release|Any CPU.ActiveCfg = Release|Any CPU
		{56EC3D28-337F-4E7F-A7F1-2843F118691E}.Release|Any CPU.Build.0 = Release|Any CPU
	EndGlobalSection
	GlobalSection(SolutionProperties) = preSolution
		HideSolutionNode = FALSE
	EndGlobalSection
	GlobalSection(ExtensibilityGlobals) = postSolution
		SolutionGuid = {937A8489-92CD-4E04-B4CB-598CE5385B69}
	EndGlobalSection
EndGlobal
